// !$*UTF8*$!
{
	archiveVersion = 1;
	classes = {
	};
	objectVersion = 50;
	objects = {

/* Begin PBXBuildFile section */
		5EAF96BF218D86C300F7389F /* AppDelegate.swift in Sources */ = {isa = PBXBuildFile; fileRef = 5EAF96BE218D86C300F7389F /* AppDelegate.swift */; };
		5EAF96C1218D86C300F7389F /* ViewController.swift in Sources */ = {isa = PBXBuildFile; fileRef = 5EAF96C0218D86C300F7389F /* ViewController.swift */; };
		5EAF96C4218D86C300F7389F /* Main.storyboard in Resources */ = {isa = PBXBuildFile; fileRef = 5EAF96C2218D86C300F7389F /* Main.storyboard */; };
		5EAF96C6218D86C600F7389F /* Assets.xcassets in Resources */ = {isa = PBXBuildFile; fileRef = 5EAF96C5218D86C600F7389F /* Assets.xcassets */; };
		5EAF96C9218D86C600F7389F /* LaunchScreen.storyboard in Resources */ = {isa = PBXBuildFile; fileRef = 5EAF96C7218D86C600F7389F /* LaunchScreen.storyboard */; };
		5EAF96D4218D86C600F7389F /* StopWatchTests.swift in Sources */ = {isa = PBXBuildFile; fileRef = 5EAF96D3218D86C600F7389F /* StopWatchTests.swift */; };
		5EAF96DF218D86C600F7389F /* StopWatchUITests.swift in Sources */ = {isa = PBXBuildFile; fileRef = 5EAF96DE218D86C600F7389F /* StopWatchUITests.swift */; };
/* End PBXBuildFile section */

/* Begin PBXContainerItemProxy section */
		5EAF96D0218D86C600F7389F /* PBXContainerItemProxy */ = {
			isa = PBXContainerItemProxy;
			containerPortal = 5EAF96B3218D86C300F7389F /* Project object */;
			proxyType = 1;
			remoteGlobalIDString = 5EAF96BA218D86C300F7389F;
			remoteInfo = StopWatch;
		};
		5EAF96DB218D86C600F7389F /* PBXContainerItemProxy */ = {
			isa = PBXContainerItemProxy;
			containerPortal = 5EAF96B3218D86C300F7389F /* Project object */;
			proxyType = 1;
			remoteGlobalIDString = 5EAF96BA218D86C300F7389F;
			remoteInfo = StopWatch;
		};
/* End PBXContainerItemProxy section */

/* Begin PBXFileReference section */
		5EAF96BB218D86C300F7389F /* StopWatch.app */ = {isa = PBXFileReference; explicitFileType = wrapper.application; includeInIndex = 0; path = StopWatch.app; sourceTree = BUILT_PRODUCTS_DIR; };
		5EAF96BE218D86C300F7389F /* AppDelegate.swift */ = {isa = PBXFileReference; lastKnownFileType = sourcecode.swift; path = AppDelegate.swift; sourceTree = "<group>"; };
		5EAF96C0218D86C300F7389F /* ViewController.swift */ = {isa = PBXFileReference; lastKnownFileType = sourcecode.swift; path = ViewController.swift; sourceTree = "<group>"; };
		5EAF96C3218D86C300F7389F /* Base */ = {isa = PBXFileReference; lastKnownFileType = file.storyboard; name = Base; path = Base.lproj/Main.storyboard; sourceTree = "<group>"; };
		5EAF96C5218D86C600F7389F /* Assets.xcassets */ = {isa = PBXFileReference; lastKnownFileType = folder.assetcatalog; path = Assets.xcassets; sourceTree = "<group>"; };
		5EAF96C8218D86C600F7389F /* Base */ = {isa = PBXFileReference; lastKnownFileType = file.storyboard; name = Base; path = Base.lproj/LaunchScreen.storyboard; sourceTree = "<group>"; };
		5EAF96CA218D86C600F7389F /* Info.plist */ = {isa = PBXFileReference; lastKnownFileType = text.plist.xml; path = Info.plist; sourceTree = "<group>"; };
		5EAF96CF218D86C600F7389F /* StopWatchTests.xctest */ = {isa = PBXFileReference; explicitFileType = wrapper.cfbundle; includeInIndex = 0; path = StopWatchTests.xctest; sourceTree = BUILT_PRODUCTS_DIR; };
		5EAF96D3218D86C600F7389F /* StopWatchTests.swift */ = {isa = PBXFileReference; lastKnownFileType = sourcecode.swift; path = StopWatchTests.swift; sourceTree = "<group>"; };
		5EAF96D5218D86C600F7389F /* Info.plist */ = {isa = PBXFileReference; lastKnownFileType = text.plist.xml; path = Info.plist; sourceTree = "<group>"; };
		5EAF96DA218D86C600F7389F /* StopWatchUITests.xctest */ = {isa = PBXFileReference; explicitFileType = wrapper.cfbundle; includeInIndex = 0; path = StopWatchUITests.xctest; sourceTree = BUILT_PRODUCTS_DIR; };
		5EAF96DE218D86C600F7389F /* StopWatchUITests.swift */ = {isa = PBXFileReference; lastKnownFileType = sourcecode.swift; path = StopWatchUITests.swift; sourceTree = "<group>"; };
		5EAF96E0218D86C600F7389F /* Info.plist */ = {isa = PBXFileReference; lastKnownFileType = text.plist.xml; path = Info.plist; sourceTree = "<group>"; };
/* End PBXFileReference section */

/* Begin PBXFrameworksBuildPhase section */
		5EAF96B8218D86C300F7389F /* Frameworks */ = {
			isa = PBXFrameworksBuildPhase;
			buildActionMask = 2147483647;
			files = (
			);
			runOnlyForDeploymentPostprocessing = 0;
		};
		5EAF96CC218D86C600F7389F /* Frameworks */ = {
			isa = PBXFrameworksBuildPhase;
			buildActionMask = 2147483647;
			files = (
			);
			runOnlyForDeploymentPostprocessing = 0;
		};
		5EAF96D7218D86C600F7389F /* Frameworks */ = {
			isa = PBXFrameworksBuildPhase;
			buildActionMask = 2147483647;
			files = (
			);
			runOnlyForDeploymentPostprocessing = 0;
		};
/* End PBXFrameworksBuildPhase section */

/* Begin PBXGroup section */
		5EAF96B2218D86C300F7389F = {
			isa = PBXGroup;
			children = (
				5EAF96BD218D86C300F7389F /* StopWatch */,
				5EAF96D2218D86C600F7389F /* StopWatchTests */,
				5EAF96DD218D86C600F7389F /* StopWatchUITests */,
				5EAF96BC218D86C300F7389F /* Products */,
			);
			sourceTree = "<group>";
		};
		5EAF96BC218D86C300F7389F /* Products */ = {
			isa = PBXGroup;
			children = (
				5EAF96BB218D86C300F7389F /* StopWatch.app */,
				5EAF96CF218D86C600F7389F /* StopWatchTests.xctest */,
				5EAF96DA218D86C600F7389F /* StopWatchUITests.xctest */,
			);
			name = Products;
			sourceTree = "<group>";
		};
		5EAF96BD218D86C300F7389F /* StopWatch */ = {
			isa = PBXGroup;
			children = (
				5EAF96BE218D86C300F7389F /* AppDelegate.swift */,
				5EAF96C0218D86C300F7389F /* ViewController.swift */,
				5EAF96C2218D86C300F7389F /* Main.storyboard */,
				5EAF96C5218D86C600F7389F /* Assets.xcassets */,
				5EAF96C7218D86C600F7389F /* LaunchScreen.storyboard */,
				5EAF96CA218D86C600F7389F /* Info.plist */,
			);
			path = StopWatch;
			sourceTree = "<group>";
		};
		5EAF96D2218D86C600F7389F /* StopWatchTests */ = {
			isa = PBXGroup;
			children = (
				5EAF96D3218D86C600F7389F /* StopWatchTests.swift */,
				5EAF96D5218D86C600F7389F /* Info.plist */,
			);
			path = StopWatchTests;
			sourceTree = "<group>";
		};
		5EAF96DD218D86C600F7389F /* StopWatchUITests */ = {
			isa = PBXGroup;
			children = (
				5EAF96DE218D86C600F7389F /* StopWatchUITests.swift */,
				5EAF96E0218D86C600F7389F /* Info.plist */,
			);
			path = StopWatchUITests;
			sourceTree = "<group>";
		};
/* End PBXGroup section */

/* Begin PBXNativeTarget section */
		5EAF96BA218D86C300F7389F /* StopWatch */ = {
			isa = PBXNativeTarget;
			buildConfigurationList = 5EAF96E3218D86C600F7389F /* Build configuration list for PBXNativeTarget "StopWatch" */;
			buildPhases = (
				5EAF96B7218D86C300F7389F /* Sources */,
				5EAF96B8218D86C300F7389F /* Frameworks */,
				5EAF96B9218D86C300F7389F /* Resources */,
			);
			buildRules = (
			);
			dependencies = (
			);
			name = StopWatch;
			productName = StopWatch;
			productReference = 5EAF96BB218D86C300F7389F /* StopWatch.app */;
			productType = "com.apple.product-type.application";
		};
		5EAF96CE218D86C600F7389F /* StopWatchTests */ = {
			isa = PBXNativeTarget;
			buildConfigurationList = 5EAF96E6218D86C600F7389F /* Build configuration list for PBXNativeTarget "StopWatchTests" */;
			buildPhases = (
				5EAF96CB218D86C600F7389F /* Sources */,
				5EAF96CC218D86C600F7389F /* Frameworks */,
				5EAF96CD218D86C600F7389F /* Resources */,
			);
			buildRules = (
			);
			dependencies = (
				5EAF96D1218D86C600F7389F /* PBXTargetDependency */,
			);
			name = StopWatchTests;
			productName = StopWatchTests;
			productReference = 5EAF96CF218D86C600F7389F /* StopWatchTests.xctest */;
			productType = "com.apple.product-type.bundle.unit-test";
		};
		5EAF96D9218D86C600F7389F /* StopWatchUITests */ = {
			isa = PBXNativeTarget;
			buildConfigurationList = 5EAF96E9218D86C600F7389F /* Build configuration list for PBXNativeTarget "StopWatchUITests" */;
			buildPhases = (
				5EAF96D6218D86C600F7389F /* Sources */,
				5EAF96D7218D86C600F7389F /* Frameworks */,
				5EAF96D8218D86C600F7389F /* Resources */,
			);
			buildRules = (
			);
			dependencies = (
				5EAF96DC218D86C600F7389F /* PBXTargetDependency */,
			);
			name = StopWatchUITests;
			productName = StopWatchUITests;
			productReference = 5EAF96DA218D86C600F7389F /* StopWatchUITests.xctest */;
			productType = "com.apple.product-type.bundle.ui-testing";
		};
/* End PBXNativeTarget section */

/* Begin PBXProject section */
		5EAF96B3218D86C300F7389F /* Project object */ = {
			isa = PBXProject;
			attributes = {
				LastSwiftUpdateCheck = 1000;
				LastUpgradeCheck = 1000;
				ORGANIZATIONNAME = "杉浦文哉";
				TargetAttributes = {
					5EAF96BA218D86C300F7389F = {
						CreatedOnToolsVersion = 10.0;
					};
					5EAF96CE218D86C600F7389F = {
						CreatedOnToolsVersion = 10.0;
						TestTargetID = 5EAF96BA218D86C300F7389F;
					};
					5EAF96D9218D86C600F7389F = {
						CreatedOnToolsVersion = 10.0;
						TestTargetID = 5EAF96BA218D86C300F7389F;
					};
				};
			};
			buildConfigurationList = 5EAF96B6218D86C300F7389F /* Build configuration list for PBXProject "StopWatch" */;
			compatibilityVersion = "Xcode 9.3";
			developmentRegion = en;
			hasScannedForEncodings = 0;
			knownRegions = (
				en,
				Base,
			);
			mainGroup = 5EAF96B2218D86C300F7389F;
			productRefGroup = 5EAF96BC218D86C300F7389F /* Products */;
			projectDirPath = "";
			projectRoot = "";
			targets = (
				5EAF96BA218D86C300F7389F /* StopWatch */,
				5EAF96CE218D86C600F7389F /* StopWatchTests */,
				5EAF96D9218D86C600F7389F /* StopWatchUITests */,
			);
		};
/* End PBXProject section */

/* Begin PBXResourcesBuildPhase section */
		5EAF96B9218D86C300F7389F /* Resources */ = {
			isa = PBXResourcesBuildPhase;
			buildActionMask = 2147483647;
			files = (
				5EAF96C9218D86C600F7389F /* LaunchScreen.storyboard in Resources */,
				5EAF96C6218D86C600F7389F /* Assets.xcassets in Resources */,
				5EAF96C4218D86C300F7389F /* Main.storyboard in Resources */,
			);
			runOnlyForDeploymentPostprocessing = 0;
		};
		5EAF96CD218D86C600F7389F /* Resources */ = {
			isa = PBXResourcesBuildPhase;
			buildActionMask = 2147483647;
			files = (
			);
			runOnlyForDeploymentPostprocessing = 0;
		};
		5EAF96D8218D86C600F7389F /* Resources */ = {
			isa = PBXResourcesBuildPhase;
			buildActionMask = 2147483647;
			files = (
			);
			runOnlyForDeploymentPostprocessing = 0;
		};
/* End PBXResourcesBuildPhase section */

/* Begin PBXSourcesBuildPhase section */
		5EAF96B7218D86C300F7389F /* Sources */ = {
			isa = PBXSourcesBuildPhase;
			buildActionMask = 2147483647;
			files = (
				5EAF96C1218D86C300F7389F /* ViewController.swift in Sources */,
				5EAF96BF218D86C300F7389F /* AppDelegate.swift in Sources */,
			);
			runOnlyForDeploymentPostprocessing = 0;
		};
		5EAF96CB218D86C600F7389F /* Sources */ = {
			isa = PBXSourcesBuildPhase;
			buildActionMask = 2147483647;
			files = (
				5EAF96D4218D86C600F7389F /* StopWatchTests.swift in Sources */,
			);
			runOnlyForDeploymentPostprocessing = 0;
		};
		5EAF96D6218D86C600F7389F /* Sources */ = {
			isa = PBXSourcesBuildPhase;
			buildActionMask = 2147483647;
			files = (
				5EAF96DF218D86C600F7389F /* StopWatchUITests.swift in Sources */,
			);
			runOnlyForDeploymentPostprocessing = 0;
		};
/* End PBXSourcesBuildPhase section */

/* Begin PBXTargetDependency section */
		5EAF96D1218D86C600F7389F /* PBXTargetDependency */ = {
			isa = PBXTargetDependency;
			target = 5EAF96BA218D86C300F7389F /* StopWatch */;
			targetProxy = 5EAF96D0218D86C600F7389F /* PBXContainerItemProxy */;
		};
		5EAF96DC218D86C600F7389F /* PBXTargetDependency */ = {
			isa = PBXTargetDependency;
			target = 5EAF96BA218D86C300F7389F /* StopWatch */;
			targetProxy = 5EAF96DB218D86C600F7389F /* PBXContainerItemProxy */;
		};
/* End PBXTargetDependency section */

/* Begin PBXVariantGroup section */
		5EAF96C2218D86C300F7389F /* Main.storyboard */ = {
			isa = PBXVariantGroup;
			children = (
				5EAF96C3218D86C300F7389F /* Base */,
			);
			name = Main.storyboard;
			sourceTree = "<group>";
		};
		5EAF96C7218D86C600F7389F /* LaunchScreen.storyboard */ = {
			isa = PBXVariantGroup;
			children = (
				5EAF96C8218D86C600F7389F /* Base */,
			);
			name = LaunchScreen.storyboard;
			sourceTree = "<group>";
		};
/* End PBXVariantGroup section */

/* Begin XCBuildConfiguration section */
		5EAF96E1218D86C600F7389F /* Debug */ = {
			isa = XCBuildConfiguration;
			buildSettings = {
				ALWAYS_SEARCH_USER_PATHS = NO;
				CLANG_ANALYZER_NONNULL = YES;
				CLANG_ANALYZER_NUMBER_OBJECT_CONVERSION = YES_AGGRESSIVE;
				CLANG_CXX_LANGUAGE_STANDARD = "gnu++14";
				CLANG_CXX_LIBRARY = "libc++";
				CLANG_ENABLE_MODULES = YES;
				CLANG_ENABLE_OBJC_ARC = YES;
				CLANG_ENABLE_OBJC_WEAK = YES;
				CLANG_WARN_BLOCK_CAPTURE_AUTORELEASING = YES;
				CLANG_WARN_BOOL_CONVERSION = YES;
				CLANG_WARN_COMMA = YES;
				CLANG_WARN_CONSTANT_CONVERSION = YES;
				CLANG_WARN_DEPRECATED_OBJC_IMPLEMENTATIONS = YES;
				CLANG_WARN_DIRECT_OBJC_ISA_USAGE = YES_ERROR;
				CLANG_WARN_DOCUMENTATION_COMMENTS = YES;
				CLANG_WARN_EMPTY_BODY = YES;
				CLANG_WARN_ENUM_CONVERSION = YES;
				CLANG_WARN_INFINITE_RECURSION = YES;
				CLANG_WARN_INT_CONVERSION = YES;
				CLANG_WARN_NON_LITERAL_NULL_CONVERSION = YES;
				CLANG_WARN_OBJC_IMPLICIT_RETAIN_SELF = YES;
				CLANG_WARN_OBJC_LITERAL_CONVERSION = YES;
				CLANG_WARN_OBJC_ROOT_CLASS = YES_ERROR;
				CLANG_WARN_RANGE_LOOP_ANALYSIS = YES;
				CLANG_WARN_STRICT_PROTOTYPES = YES;
				CLANG_WARN_SUSPICIOUS_MOVE = YES;
				CLANG_WARN_UNGUARDED_AVAILABILITY = YES_AGGRESSIVE;
				CLANG_WARN_UNREACHABLE_CODE = YES;
				CLANG_WARN__DUPLICATE_METHOD_MATCH = YES;
				CODE_SIGN_IDENTITY = "iPhone Developer";
				COPY_PHASE_STRIP = NO;
				DEBUG_INFORMATION_FORMAT = dwarf;
				ENABLE_STRICT_OBJC_MSGSEND = YES;
				ENABLE_TESTABILITY = YES;
				GCC_C_LANGUAGE_STANDARD = gnu11;
				GCC_DYNAMIC_NO_PIC = NO;
				GCC_NO_COMMON_BLOCKS = YES;
				GCC_OPTIMIZATION_LEVEL = 0;
				GCC_PREPROCESSOR_DEFINITIONS = (
					"DEBUG=1",
					"$(inherited)",
				);
				GCC_WARN_64_TO_32_BIT_CONVERSION = YES;
				GCC_WARN_ABOUT_RETURN_TYPE = YES_ERROR;
				GCC_WARN_UNDECLARED_SELECTOR = YES;
				GCC_WARN_UNINITIALIZED_AUTOS = YES_AGGRESSIVE;
				GCC_WARN_UNUSED_FUNCTION = YES;
				GCC_WARN_UNUSED_VARIABLE = YES;
				IPHONEOS_DEPLOYMENT_TARGET = 12.0;
				MTL_ENABLE_DEBUG_INFO = INCLUDE_SOURCE;
				MTL_FAST_MATH = YES;
				ONLY_ACTIVE_ARCH = YES;
				SDKROOT = iphoneos;
				SWIFT_ACTIVE_COMPILATION_CONDITIONS = DEBUG;
				SWIFT_OPTIMIZATION_LEVEL = "-Onone";
			};
			name = Debug;
		};
		5EAF96E2218D86C600F7389F /* Release */ = {
			isa = XCBuildConfiguration;
			buildSettings = {
				ALWAYS_SEARCH_USER_PATHS = NO;
				CLANG_ANALYZER_NONNULL = YES;
				CLANG_ANALYZER_NUMBER_OBJECT_CONVERSION = YES_AGGRESSIVE;
				CLANG_CXX_LANGUAGE_STANDARD = "gnu++14";
				CLANG_CXX_LIBRARY = "libc++";
				CLANG_ENABLE_MODULES = YES;
				CLANG_ENABLE_OBJC_ARC = YES;
				CLANG_ENABLE_OBJC_WEAK = YES;
				CLANG_WARN_BLOCK_CAPTURE_AUTORELEASING = YES;
				CLANG_WARN_BOOL_CONVERSION = YES;
				CLANG_WARN_COMMA = YES;
				CLANG_WARN_CONSTANT_CONVERSION = YES;
				CLANG_WARN_DEPRECATED_OBJC_IMPLEMENTATIONS = YES;
				CLANG_WARN_DIRECT_OBJC_ISA_USAGE = YES_ERROR;
				CLANG_WARN_DOCUMENTATION_COMMENTS = YES;
				CLANG_WARN_EMPTY_BODY = YES;
				CLANG_WARN_ENUM_CONVERSION = YES;
				CLANG_WARN_INFINITE_RECURSION = YES;
				CLANG_WARN_INT_CONVERSION = YES;
				CLANG_WARN_NON_LITERAL_NULL_CONVERSION = YES;
				CLANG_WARN_OBJC_IMPLICIT_RETAIN_SELF = YES;
				CLANG_WARN_OBJC_LITERAL_CONVERSION = YES;
				CLANG_WARN_OBJC_ROOT_CLASS = YES_ERROR;
				CLANG_WARN_RANGE_LOOP_ANALYSIS = YES;
				CLANG_WARN_STRICT_PROTOTYPES = YES;
				CLANG_WARN_SUSPICIOUS_MOVE = YES;
				CLANG_WARN_UNGUARDED_AVAILABILITY = YES_AGGRESSIVE;
				CLANG_WARN_UNREACHABLE_CODE = YES;
				CLANG_WARN__DUPLICATE_METHOD_MATCH = YES;
				CODE_SIGN_IDENTITY = "iPhone Developer";
				COPY_PHASE_STRIP = NO;
				DEBUG_INFORMATION_FORMAT = "dwarf-with-dsym";
				ENABLE_NS_ASSERTIONS = NO;
				ENABLE_STRICT_OBJC_MSGSEND = YES;
				GCC_C_LANGUAGE_STANDARD = gnu11;
				GCC_NO_COMMON_BLOCKS = YES;
				GCC_WARN_64_TO_32_BIT_CONVERSION = YES;
				GCC_WARN_ABOUT_RETURN_TYPE = YES_ERROR;
				GCC_WARN_UNDECLARED_SELECTOR = YES;
				GCC_WARN_UNINITIALIZED_AUTOS = YES_AGGRESSIVE;
				GCC_WARN_UNUSED_FUNCTION = YES;
				GCC_WARN_UNUSED_VARIABLE = YES;
				IPHONEOS_DEPLOYMENT_TARGET = 12.0;
				MTL_ENABLE_DEBUG_INFO = NO;
				MTL_FAST_MATH = YES;
				SDKROOT = iphoneos;
				SWIFT_COMPILATION_MODE = wholemodule;
				SWIFT_OPTIMIZATION_LEVEL = "-O";
				VALIDATE_PRODUCT = YES;
			};
			name = Release;
		};
		5EAF96E4218D86C600F7389F /* Debug */ = {
			isa = XCBuildConfiguration;
			buildSettings = {
				ASSETCATALOG_COMPILER_APPICON_NAME = AppIcon;
				CODE_SIGN_STYLE = Automatic;
				DEVELOPMENT_TEAM = MBGPH5YU34;
				INFOPLIST_FILE = StopWatch/Info.plist;
				LD_RUNPATH_SEARCH_PATHS = (
					"$(inherited)",
					"@executable_path/Frameworks",
				);
				PRODUCT_BUNDLE_IDENTIFIER = fumiya.sugiura.StopWatch;
				PRODUCT_NAME = "$(TARGET_NAME)";
				SWIFT_VERSION = 4.2;
				TARGETED_DEVICE_FAMILY = "1,2";
			};
			name = Debug;
		};
		5EAF96E5218D86C600F7389F /* Release */ = {
			isa = XCBuildConfiguration;
			buildSettings = {
				ASSETCATALOG_COMPILER_APPICON_NAME = AppIcon;
				CODE_SIGN_STYLE = Automatic;
				DEVELOPMENT_TEAM = MBGPH5YU34;
				INFOPLIST_FILE = StopWatch/Info.plist;
				LD_RUNPATH_SEARCH_PATHS = (
					"$(inherited)",
					"@executable_path/Frameworks",
				);
				PRODUCT_BUNDLE_IDENTIFIER = fumiya.sugiura.StopWatch;
				PRODUCT_NAME = "$(TARGET_NAME)";
				SWIFT_VERSION = 4.2;
				TARGETED_DEVICE_FAMILY = "1,2";
			};
			name = Release;
		};
		5EAF96E7218D86C600F7389F /* Debug */ = {
			isa = XCBuildConfiguration;
			buildSettings = {
				ALWAYS_EMBED_SWIFT_STANDARD_LIBRARIES = YES;
				BUNDLE_LOADER = "$(TEST_HOST)";
				CODE_SIGN_STYLE = Automatic;
				DEVELOPMENT_TEAM = MBGPH5YU34;
				INFOPLIST_FILE = StopWatchTests/Info.plist;
				LD_RUNPATH_SEARCH_PATHS = (
					"$(inherited)",
					"@executable_path/Frameworks",
					"@loader_path/Frameworks",
				);
				PRODUCT_BUNDLE_IDENTIFIER = fumiya.sugiura.StopWatchTests;
				PRODUCT_NAME = "$(TARGET_NAME)";
				SWIFT_VERSION = 4.2;
				TARGETED_DEVICE_FAMILY = "1,2";
				TEST_HOST = "$(BUILT_PRODUCTS_DIR)/StopWatch.app/StopWatch";
			};
			name = Debug;
		};
		5EAF96E8218D86C600F7389F /* Release */ = {
			isa = XCBuildConfiguration;
			buildSettings = {
				ALWAYS_EMBED_SWIFT_STANDARD_LIBRARIES = YES;
				BUNDLE_LOADER = "$(TEST_HOST)";
				CODE_SIGN_STYLE = Automatic;
				DEVELOPMENT_TEAM = MBGPH5YU34;
				INFOPLIST_FILE = StopWatchTests/Info.plist;
				LD_RUNPATH_SEARCH_PATHS = (
					"$(inherited)",
					"@executable_path/Frameworks",
					"@loader_path/Frameworks",
				);
				PRODUCT_BUNDLE_IDENTIFIER = fumiya.sugiura.StopWatchTests;
				PRODUCT_NAME = "$(TARGET_NAME)";
				SWIFT_VERSION = 4.2;
				TARGETED_DEVICE_FAMILY = "1,2";
				TEST_HOST = "$(BUILT_PRODUCTS_DIR)/StopWatch.app/StopWatch";
			};
			name = Release;
		};
		5EAF96EA218D86C600F7389F /* Debug */ = {
			isa = XCBuildConfiguration;
			buildSettings = {
				ALWAYS_EMBED_SWIFT_STANDARD_LIBRARIES = YES;
				CODE_SIGN_STYLE = Automatic;
				DEVELOPMENT_TEAM = MBGPH5YU34;
				INFOPLIST_FILE = StopWatchUITests/Info.plist;
				LD_RUNPATH_SEARCH_PATHS = (
					"$(inherited)",
					"@executable_path/Frameworks",
					"@loader_path/Frameworks",
				);
				PRODUCT_BUNDLE_IDENTIFIER = fumiya.sugiura.StopWatchUITests;
				PRODUCT_NAME = "$(TARGET_NAME)";
				SWIFT_VERSION = 4.2;
				TARGETED_DEVICE_FAMILY = "1,2";
				TEST_TARGET_NAME = StopWatch;
			};
			name = Debug;
		};
		5EAF96EB218D86C600F7389F /* Release */ = {
			isa = XCBuildConfiguration;
			buildSettings = {
				ALWAYS_EMBED_SWIFT_STANDARD_LIBRARIES = YES;
				CODE_SIGN_STYLE = Automatic;
				DEVELOPMENT_TEAM = MBGPH5YU34;
				INFOPLIST_FILE = StopWatchUITests/Info.plist;
				LD_RUNPATH_SEARCH_PATHS = (
					"$(inherited)",
					"@executable_path/Frameworks",
					"@loader_path/Frameworks",
				);
				PRODUCT_BUNDLE_IDENTIFIER = fumiya.sugiura.StopWatchUITests;
				PRODUCT_NAME = "$(TARGET_NAME)";
				SWIFT_VERSION = 4.2;
				TARGETED_DEVICE_FAMILY = "1,2";
				TEST_TARGET_NAME = StopWatch;
			};
			name = Release;
		};
/* End XCBuildConfiguration section */

/* Begin XCConfigurationList section */
		5EAF96B6218D86C300F7389F /* Build configuration list for PBXProject "StopWatch" */ = {
			isa = XCConfigurationList;
			buildConfigurations = (
				5EAF96E1218D86C600F7389F /* Debug */,
				5EAF96E2218D86C600F7389F /* Release */,
			);
			defaultConfigurationIsVisible = 0;
			defaultConfigurationName = Release;
		};
		5EAF96E3218D86C600F7389F /* Build configuration list for PBXNativeTarget "StopWatch" */ = {
			isa = XCConfigurationList;
			buildConfigurations = (
				5EAF96E4218D86C600F7389F /* Debug */,
				5EAF96E5218D86C600F7389F /* Release */,
			);
			defaultConfigurationIsVisible = 0;
			defaultConfigurationName = Release;
		};
		5EAF96E6218D86C600F7389F /* Build configuration list for PBXNativeTarget "StopWatchTests" */ = {
			isa = XCConfigurationList;
			buildConfigurations = (
				5EAF96E7218D86C600F7389F /* Debug */,
				5EAF96E8218D86C600F7389F /* Release */,
			);
			defaultConfigurationIsVisible = 0;
			defaultConfigurationName = Release;
		};
		5EAF96E9218D86C600F7389F /* Build configuration list for PBXNativeTarget "StopWatchUITests" */ = {
			isa = XCConfigurationList;
			buildConfigurations = (
				5EAF96EA218D86C600F7389F /* Debug */,
				5EAF96EB218D86C600F7389F /* Release */,
			);
			defaultConfigurationIsVisible = 0;
			defaultConfigurationName = Release;
		};
/* End XCConfigurationList section */
	};
	rootObject = 5EAF96B3218D86C300F7389F /* Project object */;
}
